
Microsoft Visual Studio Solution File, Format Version 12.00
# Visual Studio Version 16
VisualStudioVersion = 16.0.31702.278
MinimumVisualStudioVersion = 10.0.40219.1
Project("{FAE04EC0-301F-11D3-BF4B-00C04F79EFBC}") = "7", "7.csproj", "{037891AA-FA5B-4FB7-ABFC-B6C8CCF39CA6}"
EndProject
Global
	GlobalSection(SolutionConfigurationPlatforms) = preSolution
		Debug|Any CPU = Debug|Any CPU
		Release|Any CPU = Release|Any CPU
	EndGlobalSection
	GlobalSection(ProjectConfigurationPlatforms) = postSolution
		{037891AA-FA5B-4FB7-ABFC-B6C8CCF39CA6}.Debug|Any CPU.ActiveCfg = Debug|Any CPU
		{037891AA-FA5B-4FB7-ABFC-B6C8CCF39CA6}.Debug|Any CPU.Build.0 = Debug|Any CPU
		{037891AA-FA5B-4FB7-ABFC-B6C8CCF39CA6}.Release|Any CPU.ActiveCfg = Release|Any CPU
		{037891AA-FA5B-4FB7-ABFC-B6C8CCF39CA6}.Release|Any CPU.Build.0 = Release|Any CPU
	EndGlobalSection
	GlobalSection(SolutionProperties) = preSolution
		HideSolutionNode = FALSE
	EndGlobalSection
	GlobalSection(ExtensibilityGlobals) = postSolution
		SolutionGuid = {7015EEC1-1337-4325-AFB0-C7CB0C937AB4}
	EndGlobalSection
EndGlobal
