
Microsoft Visual Studio Solution File, Format Version 12.00
# Visual Studio Version 16
VisualStudioVersion = 16.0.31702.278
MinimumVisualStudioVersion = 10.0.40219.1
Project("{FAE04EC0-301F-11D3-BF4B-00C04F79EFBC}") = "3", "3.csproj", "{89BB6CEF-9DAB-4C13-AA63-65345D65B3F8}"
EndProject
Global
	GlobalSection(SolutionConfigurationPlatforms) = preSolution
		Debug|Any CPU = Debug|Any CPU
		Release|Any CPU = Release|Any CPU
	EndGlobalSection
	GlobalSection(ProjectConfigurationPlatforms) = postSolution
		{89BB6CEF-9DAB-4C13-AA63-65345D65B3F8}.Debug|Any CPU.ActiveCfg = Debug|Any CPU
		{89BB6CEF-9DAB-4C13-AA63-65345D65B3F8}.Debug|Any CPU.Build.0 = Debug|Any CPU
		{89BB6CEF-9DAB-4C13-AA63-65345D65B3F8}.Release|Any CPU.ActiveCfg = Release|Any CPU
		{89BB6CEF-9DAB-4C13-AA63-65345D65B3F8}.Release|Any CPU.Build.0 = Release|Any CPU
	EndGlobalSection
	GlobalSection(SolutionProperties) = preSolution
		HideSolutionNode = FALSE
	EndGlobalSection
	GlobalSection(ExtensibilityGlobals) = postSolution
		SolutionGuid = {5AB2F8CD-B5DF-4874-A421-5B9681EE328A}
	EndGlobalSection
EndGlobal
