
Microsoft Visual Studio Solution File, Format Version 12.00
# Visual Studio Version 16
VisualStudioVersion = 16.0.31702.278
MinimumVisualStudioVersion = 10.0.40219.1
Project("{FAE04EC0-301F-11D3-BF4B-00C04F79EFBC}") = "Индивидуальное 2", "Индивидуальное 2.csproj", "{4B74B8A8-589C-4EA9-8FF7-B43EDA137119}"
EndProject
Global
	GlobalSection(SolutionConfigurationPlatforms) = preSolution
		Debug|Any CPU = Debug|Any CPU
		Release|Any CPU = Release|Any CPU
	EndGlobalSection
	GlobalSection(ProjectConfigurationPlatforms) = postSolution
		{4B74B8A8-589C-4EA9-8FF7-B43EDA137119}.Debug|Any CPU.ActiveCfg = Debug|Any CPU
		{4B74B8A8-589C-4EA9-8FF7-B43EDA137119}.Debug|Any CPU.Build.0 = Debug|Any CPU
		{4B74B8A8-589C-4EA9-8FF7-B43EDA137119}.Release|Any CPU.ActiveCfg = Release|Any CPU
		{4B74B8A8-589C-4EA9-8FF7-B43EDA137119}.Release|Any CPU.Build.0 = Release|Any CPU
	EndGlobalSection
	GlobalSection(SolutionProperties) = preSolution
		HideSolutionNode = FALSE
	EndGlobalSection
	GlobalSection(ExtensibilityGlobals) = postSolution
		SolutionGuid = {5E69624A-5A07-468F-92B2-0C56EF45519D}
	EndGlobalSection
EndGlobal
